
Microsoft Visual Studio Solution File, Format Version 12.00
# Visual Studio Version 17
VisualStudioVersion = 17.7.34018.315
MinimumVisualStudioVersion = 10.0.40219.1
Project("{FAE04EC0-301F-11D3-BF4B-00C04F79EFBC}") = "Exameen2Programacion2", "Exameen2Programacion2.csproj", "{3166F2CE-6DF8-46AC-A70D-A7F670D14356}"
EndProject
Global
	GlobalSection(SolutionConfigurationPlatforms) = preSolution
		Debug|Any CPU = Debug|Any CPU
		Release|Any CPU = Release|Any CPU
	EndGlobalSection
	GlobalSection(ProjectConfigurationPlatforms) = postSolution
		{3166F2CE-6DF8-46AC-A70D-A7F670D14356}.Debug|Any CPU.ActiveCfg = Debug|Any CPU
		{3166F2CE-6DF8-46AC-A70D-A7F670D14356}.Debug|Any CPU.Build.0 = Debug|Any CPU
		{3166F2CE-6DF8-46AC-A70D-A7F670D14356}.Release|Any CPU.ActiveCfg = Release|Any CPU
		{3166F2CE-6DF8-46AC-A70D-A7F670D14356}.Release|Any CPU.Build.0 = Release|Any CPU
	EndGlobalSection
	GlobalSection(SolutionProperties) = preSolution
		HideSolutionNode = FALSE
	EndGlobalSection
	GlobalSection(ExtensibilityGlobals) = postSolution
		SolutionGuid = {802002A7-2928-4518-87D2-118EA2929A81}
	EndGlobalSection
EndGlobal
